// !$*UTF8*$!
{
	archiveVersion = 1;
	classes = {
	};
	objectVersion = 50;
	objects = {

/* Begin PBXBuildFile section */
		204A8A352BBA85AD1229008C /* Pods_AlamofireSourceCodeAnalysis.framework in Frameworks */ = {isa = PBXBuildFile; fileRef = 13B431E0AAC5D4A5AE53305A /* Pods_AlamofireSourceCodeAnalysis.framework */; };
		E9031B8225BA611400AE2740 /* AppDelegate.swift in Sources */ = {isa = PBXBuildFile; fileRef = E9031B8125BA611400AE2740 /* AppDelegate.swift */; };
		E9031B8425BA611400AE2740 /* SceneDelegate.swift in Sources */ = {isa = PBXBuildFile; fileRef = E9031B8325BA611400AE2740 /* SceneDelegate.swift */; };
		E9031B8625BA611400AE2740 /* ViewController.swift in Sources */ = {isa = PBXBuildFile; fileRef = E9031B8525BA611400AE2740 /* ViewController.swift */; };
		E9031B8925BA611400AE2740 /* Main.storyboard in Resources */ = {isa = PBXBuildFile; fileRef = E9031B8725BA611400AE2740 /* Main.storyboard */; };
		E9031B8B25BA611500AE2740 /* Assets.xcassets in Resources */ = {isa = PBXBuildFile; fileRef = E9031B8A25BA611500AE2740 /* Assets.xcassets */; };
		E9031B8E25BA611500AE2740 /* LaunchScreen.storyboard in Resources */ = {isa = PBXBuildFile; fileRef = E9031B8C25BA611500AE2740 /* LaunchScreen.storyboard */; };
/* End PBXBuildFile section */

/* Begin PBXFileReference section */
		13B431E0AAC5D4A5AE53305A /* Pods_AlamofireSourceCodeAnalysis.framework */ = {isa = PBXFileReference; explicitFileType = wrapper.framework; includeInIndex = 0; path = Pods_AlamofireSourceCodeAnalysis.framework; sourceTree = BUILT_PRODUCTS_DIR; };
		5E8FD8FF5B02FBF53FA5A602 /* Pods-AlamofireSourceCodeAnalysis.debug.xcconfig */ = {isa = PBXFileReference; includeInIndex = 1; lastKnownFileType = text.xcconfig; name = "Pods-AlamofireSourceCodeAnalysis.debug.xcconfig"; path = "Target Support Files/Pods-AlamofireSourceCodeAnalysis/Pods-AlamofireSourceCodeAnalysis.debug.xcconfig"; sourceTree = "<group>"; };
		E9031B7E25BA611400AE2740 /* AlamofireSourceCodeAnalysis.app */ = {isa = PBXFileReference; explicitFileType = wrapper.application; includeInIndex = 0; path = AlamofireSourceCodeAnalysis.app; sourceTree = BUILT_PRODUCTS_DIR; };
		E9031B8125BA611400AE2740 /* AppDelegate.swift */ = {isa = PBXFileReference; lastKnownFileType = sourcecode.swift; path = AppDelegate.swift; sourceTree = "<group>"; };
		E9031B8325BA611400AE2740 /* SceneDelegate.swift */ = {isa = PBXFileReference; lastKnownFileType = sourcecode.swift; path = SceneDelegate.swift; sourceTree = "<group>"; };
		E9031B8525BA611400AE2740 /* ViewController.swift */ = {isa = PBXFileReference; lastKnownFileType = sourcecode.swift; path = ViewController.swift; sourceTree = "<group>"; };
		E9031B8825BA611400AE2740 /* Base */ = {isa = PBXFileReference; lastKnownFileType = file.storyboard; name = Base; path = Base.lproj/Main.storyboard; sourceTree = "<group>"; };
		E9031B8A25BA611500AE2740 /* Assets.xcassets */ = {isa = PBXFileReference; lastKnownFileType = folder.assetcatalog; path = Assets.xcassets; sourceTree = "<group>"; };
		E9031B8D25BA611500AE2740 /* Base */ = {isa = PBXFileReference; lastKnownFileType = file.storyboard; name = Base; path = Base.lproj/LaunchScreen.storyboard; sourceTree = "<group>"; };
		E9031B8F25BA611500AE2740 /* Info.plist */ = {isa = PBXFileReference; lastKnownFileType = text.plist.xml; path = Info.plist; sourceTree = "<group>"; };
		F002A581B4FB802882BFBCBA /* Pods-AlamofireSourceCodeAnalysis.release.xcconfig */ = {isa = PBXFileReference; includeInIndex = 1; lastKnownFileType = text.xcconfig; name = "Pods-AlamofireSourceCodeAnalysis.release.xcconfig"; path = "Target Support Files/Pods-AlamofireSourceCodeAnalysis/Pods-AlamofireSourceCodeAnalysis.release.xcconfig"; sourceTree = "<group>"; };
/* End PBXFileReference section */

/* Begin PBXFrameworksBuildPhase section */
		E9031B7B25BA611400AE2740 /* Frameworks */ = {
			isa = PBXFrameworksBuildPhase;
			buildActionMask = 2147483647;
			files = (
				204A8A352BBA85AD1229008C /* Pods_AlamofireSourceCodeAnalysis.framework in Frameworks */,
			);
			runOnlyForDeploymentPostprocessing = 0;
		};
/* End PBXFrameworksBuildPhase section */

/* Begin PBXGroup section */
		26505A68F34EB403E3891349 /* Pods */ = {
			isa = PBXGroup;
			children = (
				5E8FD8FF5B02FBF53FA5A602 /* Pods-AlamofireSourceCodeAnalysis.debug.xcconfig */,
				F002A581B4FB802882BFBCBA /* Pods-AlamofireSourceCodeAnalysis.release.xcconfig */,
			);
			name = Pods;
			path = Pods;
			sourceTree = "<group>";
		};
		AEBF48E64F82BFC759F81313 /* Frameworks */ = {
			isa = PBXGroup;
			children = (
				13B431E0AAC5D4A5AE53305A /* Pods_AlamofireSourceCodeAnalysis.framework */,
			);
			name = Frameworks;
			sourceTree = "<group>";
		};
		E9031B7525BA611400AE2740 = {
			isa = PBXGroup;
			children = (
				E9031B8025BA611400AE2740 /* AlamofireSourceCodeAnalysis */,
				E9031B7F25BA611400AE2740 /* Products */,
				26505A68F34EB403E3891349 /* Pods */,
				AEBF48E64F82BFC759F81313 /* Frameworks */,
			);
			sourceTree = "<group>";
		};
		E9031B7F25BA611400AE2740 /* Products */ = {
			isa = PBXGroup;
			children = (
				E9031B7E25BA611400AE2740 /* AlamofireSourceCodeAnalysis.app */,
			);
			name = Products;
			sourceTree = "<group>";
		};
		E9031B8025BA611400AE2740 /* AlamofireSourceCodeAnalysis */ = {
			isa = PBXGroup;
			children = (
				E9031B8525BA611400AE2740 /* ViewController.swift */,
				E9031B9625BA611800AE2740 /* SupportingFiles */,
				E9031B8F25BA611500AE2740 /* Info.plist */,
			);
			path = AlamofireSourceCodeAnalysis;
			sourceTree = "<group>";
		};
		E9031B9625BA611800AE2740 /* SupportingFiles */ = {
			isa = PBXGroup;
			children = (
				E9031B8125BA611400AE2740 /* AppDelegate.swift */,
				E9031B8325BA611400AE2740 /* SceneDelegate.swift */,
				E9031B8725BA611400AE2740 /* Main.storyboard */,
				E9031B8A25BA611500AE2740 /* Assets.xcassets */,
				E9031B8C25BA611500AE2740 /* LaunchScreen.storyboard */,
			);
			path = SupportingFiles;
			sourceTree = "<group>";
		};
/* End PBXGroup section */

/* Begin PBXNativeTarget section */
		E9031B7D25BA611400AE2740 /* AlamofireSourceCodeAnalysis */ = {
			isa = PBXNativeTarget;
			buildConfigurationList = E9031B9225BA611500AE2740 /* Build configuration list for PBXNativeTarget "AlamofireSourceCodeAnalysis" */;
			buildPhases = (
				DBE1975AE2850C83B54E6D6E /* [CP] Check Pods Manifest.lock */,
				E9031B7A25BA611400AE2740 /* Sources */,
				E9031B7B25BA611400AE2740 /* Frameworks */,
				E9031B7C25BA611400AE2740 /* Resources */,
				C6ABBC1C0AC04DAF143A57BA /* [CP] Embed Pods Frameworks */,
			);
			buildRules = (
			);
			dependencies = (
			);
			name = AlamofireSourceCodeAnalysis;
			productName = AlamofireSourceCodeAnalysis;
			productReference = E9031B7E25BA611400AE2740 /* AlamofireSourceCodeAnalysis.app */;
			productType = "com.apple.product-type.application";
		};
/* End PBXNativeTarget section */

/* Begin PBXProject section */
		E9031B7625BA611400AE2740 /* Project object */ = {
			isa = PBXProject;
			attributes = {
				LastSwiftUpdateCheck = 1230;
				LastUpgradeCheck = 1230;
				TargetAttributes = {
					E9031B7D25BA611400AE2740 = {
						CreatedOnToolsVersion = 12.3;
					};
				};
			};
			buildConfigurationList = E9031B7925BA611400AE2740 /* Build configuration list for PBXProject "AlamofireSourceCodeAnalysis" */;
			compatibilityVersion = "Xcode 9.3";
			developmentRegion = en;
			hasScannedForEncodings = 0;
			knownRegions = (
				en,
				Base,
			);
			mainGroup = E9031B7525BA611400AE2740;
			productRefGroup = E9031B7F25BA611400AE2740 /* Products */;
			projectDirPath = "";
			projectRoot = "";
			targets = (
				E9031B7D25BA611400AE2740 /* AlamofireSourceCodeAnalysis */,
			);
		};
/* End PBXProject section */

/* Begin PBXResourcesBuildPhase section */
		E9031B7C25BA611400AE2740 /* Resources */ = {
			isa = PBXResourcesBuildPhase;
			buildActionMask = 2147483647;
			files = (
				E9031B8E25BA611500AE2740 /* LaunchScreen.storyboard in Resources */,
				E9031B8B25BA611500AE2740 /* Assets.xcassets in Resources */,
				E9031B8925BA611400AE2740 /* Main.storyboard in Resources */,
			);
			runOnlyForDeploymentPostprocessing = 0;
		};
/* End PBXResourcesBuildPhase section */

/* Begin PBXShellScriptBuildPhase section */
		C6ABBC1C0AC04DAF143A57BA /* [CP] Embed Pods Frameworks */ = {
			isa = PBXShellScriptBuildPhase;
			buildActionMask = 2147483647;
			files = (
			);
			inputFileListPaths = (
				"${PODS_ROOT}/Target Support Files/Pods-AlamofireSourceCodeAnalysis/Pods-AlamofireSourceCodeAnalysis-frameworks-${CONFIGURATION}-input-files.xcfilelist",
			);
			name = "[CP] Embed Pods Frameworks";
			outputFileListPaths = (
				"${PODS_ROOT}/Target Support Files/Pods-AlamofireSourceCodeAnalysis/Pods-AlamofireSourceCodeAnalysis-frameworks-${CONFIGURATION}-output-files.xcfilelist",
			);
			runOnlyForDeploymentPostprocessing = 0;
			shellPath = /bin/sh;
			shellScript = "\"${PODS_ROOT}/Target Support Files/Pods-AlamofireSourceCodeAnalysis/Pods-AlamofireSourceCodeAnalysis-frameworks.sh\"\n";
			showEnvVarsInLog = 0;
		};
		DBE1975AE2850C83B54E6D6E /* [CP] Check Pods Manifest.lock */ = {
			isa = PBXShellScriptBuildPhase;
			buildActionMask = 2147483647;
			files = (
			);
			inputFileListPaths = (
			);
			inputPaths = (
				"${PODS_PODFILE_DIR_PATH}/Podfile.lock",
				"${PODS_ROOT}/Manifest.lock",
			);
			name = "[CP] Check Pods Manifest.lock";
			outputFileListPaths = (
			);
			outputPaths = (
				"$(DERIVED_FILE_DIR)/Pods-AlamofireSourceCodeAnalysis-checkManifestLockResult.txt",
			);
			runOnlyForDeploymentPostprocessing = 0;
			shellPath = /bin/sh;
			shellScript = "diff \"${PODS_PODFILE_DIR_PATH}/Podfile.lock\" \"${PODS_ROOT}/Manifest.lock\" > /dev/null\nif [ $? != 0 ] ; then\n    # print error to STDERR\n    echo \"error: The sandbox is not in sync with the Podfile.lock. Run 'pod install' or update your CocoaPods installation.\" >&2\n    exit 1\nfi\n# This output is used by Xcode 'outputs' to avoid re-running this script phase.\necho \"SUCCESS\" > \"${SCRIPT_OUTPUT_FILE_0}\"\n";
			showEnvVarsInLog = 0;
		};
/* End PBXShellScriptBuildPhase section */

/* Begin PBXSourcesBuildPhase section */
		E9031B7A25BA611400AE2740 /* Sources */ = {
			isa = PBXSourcesBuildPhase;
			buildActionMask = 2147483647;
			files = (
				E9031B8625BA611400AE2740 /* ViewController.swift in Sources */,
				E9031B8225BA611400AE2740 /* AppDelegate.swift in Sources */,
				E9031B8425BA611400AE2740 /* SceneDelegate.swift in Sources */,
			);
			runOnlyForDeploymentPostprocessing = 0;
		};
/* End PBXSourcesBuildPhase section */

/* Begin PBXVariantGroup section */
		E9031B8725BA611400AE2740 /* Main.storyboard */ = {
			isa = PBXVariantGroup;
			children = (
				E9031B8825BA611400AE2740 /* Base */,
			);
			name = Main.storyboard;
			sourceTree = "<group>";
		};
		E9031B8C25BA611500AE2740 /* LaunchScreen.storyboard */ = {
			isa = PBXVariantGroup;
			children = (
				E9031B8D25BA611500AE2740 /* Base */,
			);
			name = LaunchScreen.storyboard;
			sourceTree = "<group>";
		};
/* End PBXVariantGroup section */

/* Begin XCBuildConfiguration section */
		E9031B9025BA611500AE2740 /* Debug */ = {
			isa = XCBuildConfiguration;
			buildSettings = {
				ALWAYS_SEARCH_USER_PATHS = NO;
				CLANG_ANALYZER_NONNULL = YES;
				CLANG_ANALYZER_NUMBER_OBJECT_CONVERSION = YES_AGGRESSIVE;
				CLANG_CXX_LANGUAGE_STANDARD = "gnu++14";
				CLANG_CXX_LIBRARY = "libc++";
				CLANG_ENABLE_MODULES = YES;
				CLANG_ENABLE_OBJC_ARC = YES;
				CLANG_ENABLE_OBJC_WEAK = YES;
				CLANG_WARN_BLOCK_CAPTURE_AUTORELEASING = YES;
				CLANG_WARN_BOOL_CONVERSION = YES;
				CLANG_WARN_COMMA = YES;
				CLANG_WARN_CONSTANT_CONVERSION = YES;
				CLANG_WARN_DEPRECATED_OBJC_IMPLEMENTATIONS = YES;
				CLANG_WARN_DIRECT_OBJC_ISA_USAGE = YES_ERROR;
				CLANG_WARN_DOCUMENTATION_COMMENTS = YES;
				CLANG_WARN_EMPTY_BODY = YES;
				CLANG_WARN_ENUM_CONVERSION = YES;
				CLANG_WARN_INFINITE_RECURSION = YES;
				CLANG_WARN_INT_CONVERSION = YES;
				CLANG_WARN_NON_LITERAL_NULL_CONVERSION = YES;
				CLANG_WARN_OBJC_IMPLICIT_RETAIN_SELF = YES;
				CLANG_WARN_OBJC_LITERAL_CONVERSION = YES;
				CLANG_WARN_OBJC_ROOT_CLASS = YES_ERROR;
				CLANG_WARN_QUOTED_INCLUDE_IN_FRAMEWORK_HEADER = YES;
				CLANG_WARN_RANGE_LOOP_ANALYSIS = YES;
				CLANG_WARN_STRICT_PROTOTYPES = YES;
				CLANG_WARN_SUSPICIOUS_MOVE = YES;
				CLANG_WARN_UNGUARDED_AVAILABILITY = YES_AGGRESSIVE;
				CLANG_WARN_UNREACHABLE_CODE = YES;
				CLANG_WARN__DUPLICATE_METHOD_MATCH = YES;
				COPY_PHASE_STRIP = NO;
				DEBUG_INFORMATION_FORMAT = dwarf;
				ENABLE_STRICT_OBJC_MSGSEND = YES;
				ENABLE_TESTABILITY = YES;
				GCC_C_LANGUAGE_STANDARD = gnu11;
				GCC_DYNAMIC_NO_PIC = NO;
				GCC_NO_COMMON_BLOCKS = YES;
				GCC_OPTIMIZATION_LEVEL = 0;
				GCC_PREPROCESSOR_DEFINITIONS = (
					"DEBUG=1",
					"$(inherited)",
				);
				GCC_WARN_64_TO_32_BIT_CONVERSION = YES;
				GCC_WARN_ABOUT_RETURN_TYPE = YES_ERROR;
				GCC_WARN_UNDECLARED_SELECTOR = YES;
				GCC_WARN_UNINITIALIZED_AUTOS = YES_AGGRESSIVE;
				GCC_WARN_UNUSED_FUNCTION = YES;
				GCC_WARN_UNUSED_VARIABLE = YES;
				IPHONEOS_DEPLOYMENT_TARGET = 14.3;
				MTL_ENABLE_DEBUG_INFO = INCLUDE_SOURCE;
				MTL_FAST_MATH = YES;
				ONLY_ACTIVE_ARCH = YES;
				SDKROOT = iphoneos;
				SWIFT_ACTIVE_COMPILATION_CONDITIONS = DEBUG;
				SWIFT_OPTIMIZATION_LEVEL = "-Onone";
			};
			name = Debug;
		};
		E9031B9125BA611500AE2740 /* Release */ = {
			isa = XCBuildConfiguration;
			buildSettings = {
				ALWAYS_SEARCH_USER_PATHS = NO;
				CLANG_ANALYZER_NONNULL = YES;
				CLANG_ANALYZER_NUMBER_OBJECT_CONVERSION = YES_AGGRESSIVE;
				CLANG_CXX_LANGUAGE_STANDARD = "gnu++14";
				CLANG_CXX_LIBRARY = "libc++";
				CLANG_ENABLE_MODULES = YES;
				CLANG_ENABLE_OBJC_ARC = YES;
				CLANG_ENABLE_OBJC_WEAK = YES;
				CLANG_WARN_BLOCK_CAPTURE_AUTORELEASING = YES;
				CLANG_WARN_BOOL_CONVERSION = YES;
				CLANG_WARN_COMMA = YES;
				CLANG_WARN_CONSTANT_CONVERSION = YES;
				CLANG_WARN_DEPRECATED_OBJC_IMPLEMENTATIONS = YES;
				CLANG_WARN_DIRECT_OBJC_ISA_USAGE = YES_ERROR;
				CLANG_WARN_DOCUMENTATION_COMMENTS = YES;
				CLANG_WARN_EMPTY_BODY = YES;
				CLANG_WARN_ENUM_CONVERSION = YES;
				CLANG_WARN_INFINITE_RECURSION = YES;
				CLANG_WARN_INT_CONVERSION = YES;
				CLANG_WARN_NON_LITERAL_NULL_CONVERSION = YES;
				CLANG_WARN_OBJC_IMPLICIT_RETAIN_SELF = YES;
				CLANG_WARN_OBJC_LITERAL_CONVERSION = YES;
				CLANG_WARN_OBJC_ROOT_CLASS = YES_ERROR;
				CLANG_WARN_QUOTED_INCLUDE_IN_FRAMEWORK_HEADER = YES;
				CLANG_WARN_RANGE_LOOP_ANALYSIS = YES;
				CLANG_WARN_STRICT_PROTOTYPES = YES;
				CLANG_WARN_SUSPICIOUS_MOVE = YES;
				CLANG_WARN_UNGUARDED_AVAILABILITY = YES_AGGRESSIVE;
				CLANG_WARN_UNREACHABLE_CODE = YES;
				CLANG_WARN__DUPLICATE_METHOD_MATCH = YES;
				COPY_PHASE_STRIP = NO;
				DEBUG_INFORMATION_FORMAT = "dwarf-with-dsym";
				ENABLE_NS_ASSERTIONS = NO;
				ENABLE_STRICT_OBJC_MSGSEND = YES;
				GCC_C_LANGUAGE_STANDARD = gnu11;
				GCC_NO_COMMON_BLOCKS = YES;
				GCC_WARN_64_TO_32_BIT_CONVERSION = YES;
				GCC_WARN_ABOUT_RETURN_TYPE = YES_ERROR;
				GCC_WARN_UNDECLARED_SELECTOR = YES;
				GCC_WARN_UNINITIALIZED_AUTOS = YES_AGGRESSIVE;
				GCC_WARN_UNUSED_FUNCTION = YES;
				GCC_WARN_UNUSED_VARIABLE = YES;
				IPHONEOS_DEPLOYMENT_TARGET = 14.3;
				MTL_ENABLE_DEBUG_INFO = NO;
				MTL_FAST_MATH = YES;
				SDKROOT = iphoneos;
				SWIFT_COMPILATION_MODE = wholemodule;
				SWIFT_OPTIMIZATION_LEVEL = "-O";
				VALIDATE_PRODUCT = YES;
			};
			name = Release;
		};
		E9031B9325BA611500AE2740 /* Debug */ = {
			isa = XCBuildConfiguration;
			baseConfigurationReference = 5E8FD8FF5B02FBF53FA5A602 /* Pods-AlamofireSourceCodeAnalysis.debug.xcconfig */;
			buildSettings = {
				ASSETCATALOG_COMPILER_APPICON_NAME = AppIcon;
				ASSETCATALOG_COMPILER_GLOBAL_ACCENT_COLOR_NAME = AccentColor;
				CODE_SIGN_STYLE = Automatic;
				INFOPLIST_FILE = AlamofireSourceCodeAnalysis/Info.plist;
				LD_RUNPATH_SEARCH_PATHS = (
					"$(inherited)",
					"@executable_path/Frameworks",
				);
				PRODUCT_BUNDLE_IDENTIFIER = com.xiejiapei.framework.AlamofireSourceCodeAnalysis;
				PRODUCT_NAME = "$(TARGET_NAME)";
				SWIFT_VERSION = 5.0;
				TARGETED_DEVICE_FAMILY = "1,2";
			};
			name = Debug;
		};
		E9031B9425BA611500AE2740 /* Release */ = {
			isa = XCBuildConfiguration;
			baseConfigurationReference = F002A581B4FB802882BFBCBA /* Pods-AlamofireSourceCodeAnalysis.release.xcconfig */;
			buildSettings = {
				ASSETCATALOG_COMPILER_APPICON_NAME = AppIcon;
				ASSETCATALOG_COMPILER_GLOBAL_ACCENT_COLOR_NAME = AccentColor;
				CODE_SIGN_STYLE = Automatic;
				INFOPLIST_FILE = AlamofireSourceCodeAnalysis/Info.plist;
				LD_RUNPATH_SEARCH_PATHS = (
					"$(inherited)",
					"@executable_path/Frameworks",
				);
				PRODUCT_BUNDLE_IDENTIFIER = com.xiejiapei.framework.AlamofireSourceCodeAnalysis;
				PRODUCT_NAME = "$(TARGET_NAME)";
				SWIFT_VERSION = 5.0;
				TARGETED_DEVICE_FAMILY = "1,2";
			};
			name = Release;
		};
/* End XCBuildConfiguration section */

/* Begin XCConfigurationList section */
		E9031B7925BA611400AE2740 /* Build configuration list for PBXProject "AlamofireSourceCodeAnalysis" */ = {
			isa = XCConfigurationList;
			buildConfigurations = (
				E9031B9025BA611500AE2740 /* Debug */,
				E9031B9125BA611500AE2740 /* Release */,
			);
			defaultConfigurationIsVisible = 0;
			defaultConfigurationName = Release;
		};
		E9031B9225BA611500AE2740 /* Build configuration list for PBXNativeTarget "AlamofireSourceCodeAnalysis" */ = {
			isa = XCConfigurationList;
			buildConfigurations = (
				E9031B9325BA611500AE2740 /* Debug */,
				E9031B9425BA611500AE2740 /* Release */,
			);
			defaultConfigurationIsVisible = 0;
			defaultConfigurationName = Release;
		};
/* End XCConfigurationList section */
	};
	rootObject = E9031B7625BA611400AE2740 /* Project object */;
}
